// !$*UTF8*$!
{
	archiveVersion = 1;
	classes = {
	};
	objectVersion = 50;
	objects = {

/* Begin PBXBuildFile section */
		0746891B23AF365000704CE4 /* AppDelegate.swift in Sources */ = {isa = PBXBuildFile; fileRef = 0746891A23AF365000704CE4 /* AppDelegate.swift */; };
		0746891D23AF365000704CE4 /* SceneDelegate.swift in Sources */ = {isa = PBXBuildFile; fileRef = 0746891C23AF365000704CE4 /* SceneDelegate.swift */; };
		0746891F23AF365000704CE4 /* ViewController.swift in Sources */ = {isa = PBXBuildFile; fileRef = 0746891E23AF365000704CE4 /* ViewController.swift */; };
		0746892223AF365000704CE4 /* Main.storyboard in Resources */ = {isa = PBXBuildFile; fileRef = 0746892023AF365000704CE4 /* Main.storyboard */; };
		0746892423AF365600704CE4 /* Assets.xcassets in Resources */ = {isa = PBXBuildFile; fileRef = 0746892323AF365600704CE4 /* Assets.xcassets */; };
		0746892723AF365600704CE4 /* LaunchScreen.storyboard in Resources */ = {isa = PBXBuildFile; fileRef = 0746892523AF365600704CE4 /* LaunchScreen.storyboard */; };
		0746893223AF365700704CE4 /* Tip3Tests.swift in Sources */ = {isa = PBXBuildFile; fileRef = 0746893123AF365700704CE4 /* Tip3Tests.swift */; };
		0746893D23AF365700704CE4 /* Tip3UITests.swift in Sources */ = {isa = PBXBuildFile; fileRef = 0746893C23AF365700704CE4 /* Tip3UITests.swift */; };
		07FBD14223B6055A00FF5CC3 /* Nunito-ExtraLight.ttf in Resources */ = {isa = PBXBuildFile; fileRef = 07FBD13423B6055800FF5CC3 /* Nunito-ExtraLight.ttf */; };
		07FBD14323B6055A00FF5CC3 /* Nunito-SemiBold.ttf in Resources */ = {isa = PBXBuildFile; fileRef = 07FBD13523B6055800FF5CC3 /* Nunito-SemiBold.ttf */; };
		07FBD14423B6055A00FF5CC3 /* Nunito-Italic.ttf in Resources */ = {isa = PBXBuildFile; fileRef = 07FBD13623B6055800FF5CC3 /* Nunito-Italic.ttf */; };
		07FBD14523B6055A00FF5CC3 /* Nunito-Regular.ttf in Resources */ = {isa = PBXBuildFile; fileRef = 07FBD13723B6055800FF5CC3 /* Nunito-Regular.ttf */; };
		07FBD14623B6055A00FF5CC3 /* Nunito-ExtraBold.ttf in Resources */ = {isa = PBXBuildFile; fileRef = 07FBD13823B6055800FF5CC3 /* Nunito-ExtraBold.ttf */; };
		07FBD14723B6055A00FF5CC3 /* Nunito-Light.ttf in Resources */ = {isa = PBXBuildFile; fileRef = 07FBD13923B6055900FF5CC3 /* Nunito-Light.ttf */; };
		07FBD14823B6055A00FF5CC3 /* Nunito-BoldItalic.ttf in Resources */ = {isa = PBXBuildFile; fileRef = 07FBD13A23B6055900FF5CC3 /* Nunito-BoldItalic.ttf */; };
		07FBD14923B6055A00FF5CC3 /* Nunito-ExtraLightItalic.ttf in Resources */ = {isa = PBXBuildFile; fileRef = 07FBD13B23B6055900FF5CC3 /* Nunito-ExtraLightItalic.ttf */; };
		07FBD14A23B6055A00FF5CC3 /* Nunito-Black.ttf in Resources */ = {isa = PBXBuildFile; fileRef = 07FBD13C23B6055900FF5CC3 /* Nunito-Black.ttf */; };
		07FBD14B23B6055A00FF5CC3 /* Nunito-LightItalic.ttf in Resources */ = {isa = PBXBuildFile; fileRef = 07FBD13D23B6055900FF5CC3 /* Nunito-LightItalic.ttf */; };
		07FBD14C23B6055A00FF5CC3 /* Nunito-SemiBoldItalic.ttf in Resources */ = {isa = PBXBuildFile; fileRef = 07FBD13E23B6055900FF5CC3 /* Nunito-SemiBoldItalic.ttf */; };
		07FBD14D23B6055A00FF5CC3 /* Nunito-Bold.ttf in Resources */ = {isa = PBXBuildFile; fileRef = 07FBD13F23B6055900FF5CC3 /* Nunito-Bold.ttf */; };
		07FBD14E23B6055A00FF5CC3 /* Nunito-ExtraBoldItalic.ttf in Resources */ = {isa = PBXBuildFile; fileRef = 07FBD14023B6055A00FF5CC3 /* Nunito-ExtraBoldItalic.ttf */; };
		07FBD14F23B6055A00FF5CC3 /* Nunito-BlackItalic.ttf in Resources */ = {isa = PBXBuildFile; fileRef = 07FBD14123B6055A00FF5CC3 /* Nunito-BlackItalic.ttf */; };
/* End PBXBuildFile section */

/* Begin PBXContainerItemProxy section */
		0746892E23AF365700704CE4 /* PBXContainerItemProxy */ = {
			isa = PBXContainerItemProxy;
			containerPortal = 0746890F23AF365000704CE4 /* Project object */;
			proxyType = 1;
			remoteGlobalIDString = 0746891623AF365000704CE4;
			remoteInfo = Tip3;
		};
		0746893923AF365700704CE4 /* PBXContainerItemProxy */ = {
			isa = PBXContainerItemProxy;
			containerPortal = 0746890F23AF365000704CE4 /* Project object */;
			proxyType = 1;
			remoteGlobalIDString = 0746891623AF365000704CE4;
			remoteInfo = Tip3;
		};
/* End PBXContainerItemProxy section */

/* Begin PBXFileReference section */
		0746891723AF365000704CE4 /* Tip3.app */ = {isa = PBXFileReference; explicitFileType = wrapper.application; includeInIndex = 0; path = Tip3.app; sourceTree = BUILT_PRODUCTS_DIR; };
		0746891A23AF365000704CE4 /* AppDelegate.swift */ = {isa = PBXFileReference; lastKnownFileType = sourcecode.swift; path = AppDelegate.swift; sourceTree = "<group>"; };
		0746891C23AF365000704CE4 /* SceneDelegate.swift */ = {isa = PBXFileReference; lastKnownFileType = sourcecode.swift; path = SceneDelegate.swift; sourceTree = "<group>"; };
		0746891E23AF365000704CE4 /* ViewController.swift */ = {isa = PBXFileReference; lastKnownFileType = sourcecode.swift; path = ViewController.swift; sourceTree = "<group>"; };
		0746892123AF365000704CE4 /* Base */ = {isa = PBXFileReference; lastKnownFileType = file.storyboard; name = Base; path = Base.lproj/Main.storyboard; sourceTree = "<group>"; };
		0746892323AF365600704CE4 /* Assets.xcassets */ = {isa = PBXFileReference; lastKnownFileType = folder.assetcatalog; path = Assets.xcassets; sourceTree = "<group>"; };
		0746892623AF365600704CE4 /* Base */ = {isa = PBXFileReference; lastKnownFileType = file.storyboard; name = Base; path = Base.lproj/LaunchScreen.storyboard; sourceTree = "<group>"; };
		0746892823AF365600704CE4 /* Info.plist */ = {isa = PBXFileReference; lastKnownFileType = text.plist.xml; path = Info.plist; sourceTree = "<group>"; };
		0746892D23AF365700704CE4 /* Tip3Tests.xctest */ = {isa = PBXFileReference; explicitFileType = wrapper.cfbundle; includeInIndex = 0; path = Tip3Tests.xctest; sourceTree = BUILT_PRODUCTS_DIR; };
		0746893123AF365700704CE4 /* Tip3Tests.swift */ = {isa = PBXFileReference; lastKnownFileType = sourcecode.swift; path = Tip3Tests.swift; sourceTree = "<group>"; };
		0746893323AF365700704CE4 /* Info.plist */ = {isa = PBXFileReference; lastKnownFileType = text.plist.xml; path = Info.plist; sourceTree = "<group>"; };
		0746893823AF365700704CE4 /* Tip3UITests.xctest */ = {isa = PBXFileReference; explicitFileType = wrapper.cfbundle; includeInIndex = 0; path = Tip3UITests.xctest; sourceTree = BUILT_PRODUCTS_DIR; };
		0746893C23AF365700704CE4 /* Tip3UITests.swift */ = {isa = PBXFileReference; lastKnownFileType = sourcecode.swift; path = Tip3UITests.swift; sourceTree = "<group>"; };
		0746893E23AF365700704CE4 /* Info.plist */ = {isa = PBXFileReference; lastKnownFileType = text.plist.xml; path = Info.plist; sourceTree = "<group>"; };
		07FBD13423B6055800FF5CC3 /* Nunito-ExtraLight.ttf */ = {isa = PBXFileReference; lastKnownFileType = file; path = "Nunito-ExtraLight.ttf"; sourceTree = "<group>"; };
		07FBD13523B6055800FF5CC3 /* Nunito-SemiBold.ttf */ = {isa = PBXFileReference; lastKnownFileType = file; path = "Nunito-SemiBold.ttf"; sourceTree = "<group>"; };
		07FBD13623B6055800FF5CC3 /* Nunito-Italic.ttf */ = {isa = PBXFileReference; lastKnownFileType = file; path = "Nunito-Italic.ttf"; sourceTree = "<group>"; };
		07FBD13723B6055800FF5CC3 /* Nunito-Regular.ttf */ = {isa = PBXFileReference; lastKnownFileType = file; path = "Nunito-Regular.ttf"; sourceTree = "<group>"; };
		07FBD13823B6055800FF5CC3 /* Nunito-ExtraBold.ttf */ = {isa = PBXFileReference; lastKnownFileType = file; path = "Nunito-ExtraBold.ttf"; sourceTree = "<group>"; };
		07FBD13923B6055900FF5CC3 /* Nunito-Light.ttf */ = {isa = PBXFileReference; lastKnownFileType = file; path = "Nunito-Light.ttf"; sourceTree = "<group>"; };
		07FBD13A23B6055900FF5CC3 /* Nunito-BoldItalic.ttf */ = {isa = PBXFileReference; lastKnownFileType = file; path = "Nunito-BoldItalic.ttf"; sourceTree = "<group>"; };
		07FBD13B23B6055900FF5CC3 /* Nunito-ExtraLightItalic.ttf */ = {isa = PBXFileReference; lastKnownFileType = file; path = "Nunito-ExtraLightItalic.ttf"; sourceTree = "<group>"; };
		07FBD13C23B6055900FF5CC3 /* Nunito-Black.ttf */ = {isa = PBXFileReference; lastKnownFileType = file; path = "Nunito-Black.ttf"; sourceTree = "<group>"; };
		07FBD13D23B6055900FF5CC3 /* Nunito-LightItalic.ttf */ = {isa = PBXFileReference; lastKnownFileType = file; path = "Nunito-LightItalic.ttf"; sourceTree = "<group>"; };
		07FBD13E23B6055900FF5CC3 /* Nunito-SemiBoldItalic.ttf */ = {isa = PBXFileReference; lastKnownFileType = file; path = "Nunito-SemiBoldItalic.ttf"; sourceTree = "<group>"; };
		07FBD13F23B6055900FF5CC3 /* Nunito-Bold.ttf */ = {isa = PBXFileReference; lastKnownFileType = file; path = "Nunito-Bold.ttf"; sourceTree = "<group>"; };
		07FBD14023B6055A00FF5CC3 /* Nunito-ExtraBoldItalic.ttf */ = {isa = PBXFileReference; lastKnownFileType = file; path = "Nunito-ExtraBoldItalic.ttf"; sourceTree = "<group>"; };
		07FBD14123B6055A00FF5CC3 /* Nunito-BlackItalic.ttf */ = {isa = PBXFileReference; lastKnownFileType = file; path = "Nunito-BlackItalic.ttf"; sourceTree = "<group>"; };
/* End PBXFileReference section */

/* Begin PBXFrameworksBuildPhase section */
		0746891423AF365000704CE4 /* Frameworks */ = {
			isa = PBXFrameworksBuildPhase;
			buildActionMask = 2147483647;
			files = (
			);
			runOnlyForDeploymentPostprocessing = 0;
		};
		0746892A23AF365700704CE4 /* Frameworks */ = {
			isa = PBXFrameworksBuildPhase;
			buildActionMask = 2147483647;
			files = (
			);
			runOnlyForDeploymentPostprocessing = 0;
		};
		0746893523AF365700704CE4 /* Frameworks */ = {
			isa = PBXFrameworksBuildPhase;
			buildActionMask = 2147483647;
			files = (
			);
			runOnlyForDeploymentPostprocessing = 0;
		};
/* End PBXFrameworksBuildPhase section */

/* Begin PBXGroup section */
		0746890E23AF365000704CE4 = {
			isa = PBXGroup;
			children = (
				0746891923AF365000704CE4 /* Tip3 */,
				0746893023AF365700704CE4 /* Tip3Tests */,
				0746893B23AF365700704CE4 /* Tip3UITests */,
				0746891823AF365000704CE4 /* Products */,
			);
			sourceTree = "<group>";
		};
		0746891823AF365000704CE4 /* Products */ = {
			isa = PBXGroup;
			children = (
				0746891723AF365000704CE4 /* Tip3.app */,
				0746892D23AF365700704CE4 /* Tip3Tests.xctest */,
				0746893823AF365700704CE4 /* Tip3UITests.xctest */,
			);
			name = Products;
			sourceTree = "<group>";
		};
		0746891923AF365000704CE4 /* Tip3 */ = {
			isa = PBXGroup;
			children = (
				07FBD13323B6051B00FF5CC3 /* Font */,
				0746891A23AF365000704CE4 /* AppDelegate.swift */,
				0746891C23AF365000704CE4 /* SceneDelegate.swift */,
				0746891E23AF365000704CE4 /* ViewController.swift */,
				0746892023AF365000704CE4 /* Main.storyboard */,
				0746892323AF365600704CE4 /* Assets.xcassets */,
				0746892523AF365600704CE4 /* LaunchScreen.storyboard */,
				0746892823AF365600704CE4 /* Info.plist */,
			);
			path = Tip3;
			sourceTree = "<group>";
		};
		0746893023AF365700704CE4 /* Tip3Tests */ = {
			isa = PBXGroup;
			children = (
				0746893123AF365700704CE4 /* Tip3Tests.swift */,
				0746893323AF365700704CE4 /* Info.plist */,
			);
			path = Tip3Tests;
			sourceTree = "<group>";
		};
		0746893B23AF365700704CE4 /* Tip3UITests */ = {
			isa = PBXGroup;
			children = (
				0746893C23AF365700704CE4 /* Tip3UITests.swift */,
				0746893E23AF365700704CE4 /* Info.plist */,
			);
			path = Tip3UITests;
			sourceTree = "<group>";
		};
		07FBD13323B6051B00FF5CC3 /* Font */ = {
			isa = PBXGroup;
			children = (
				07FBD13C23B6055900FF5CC3 /* Nunito-Black.ttf */,
				07FBD14123B6055A00FF5CC3 /* Nunito-BlackItalic.ttf */,
				07FBD13F23B6055900FF5CC3 /* Nunito-Bold.ttf */,
				07FBD13A23B6055900FF5CC3 /* Nunito-BoldItalic.ttf */,
				07FBD13823B6055800FF5CC3 /* Nunito-ExtraBold.ttf */,
				07FBD14023B6055A00FF5CC3 /* Nunito-ExtraBoldItalic.ttf */,
				07FBD13423B6055800FF5CC3 /* Nunito-ExtraLight.ttf */,
				07FBD13B23B6055900FF5CC3 /* Nunito-ExtraLightItalic.ttf */,
				07FBD13623B6055800FF5CC3 /* Nunito-Italic.ttf */,
				07FBD13923B6055900FF5CC3 /* Nunito-Light.ttf */,
				07FBD13D23B6055900FF5CC3 /* Nunito-LightItalic.ttf */,
				07FBD13723B6055800FF5CC3 /* Nunito-Regular.ttf */,
				07FBD13523B6055800FF5CC3 /* Nunito-SemiBold.ttf */,
				07FBD13E23B6055900FF5CC3 /* Nunito-SemiBoldItalic.ttf */,
			);
			path = Font;
			sourceTree = "<group>";
		};
/* End PBXGroup section */

/* Begin PBXNativeTarget section */
		0746891623AF365000704CE4 /* Tip3 */ = {
			isa = PBXNativeTarget;
			buildConfigurationList = 0746894123AF365700704CE4 /* Build configuration list for PBXNativeTarget "Tip3" */;
			buildPhases = (
				0746891323AF365000704CE4 /* Sources */,
				0746891423AF365000704CE4 /* Frameworks */,
				0746891523AF365000704CE4 /* Resources */,
			);
			buildRules = (
			);
			dependencies = (
			);
			name = Tip3;
			productName = Tip3;
			productReference = 0746891723AF365000704CE4 /* Tip3.app */;
			productType = "com.apple.product-type.application";
		};
		0746892C23AF365700704CE4 /* Tip3Tests */ = {
			isa = PBXNativeTarget;
			buildConfigurationList = 0746894423AF365700704CE4 /* Build configuration list for PBXNativeTarget "Tip3Tests" */;
			buildPhases = (
				0746892923AF365700704CE4 /* Sources */,
				0746892A23AF365700704CE4 /* Frameworks */,
				0746892B23AF365700704CE4 /* Resources */,
			);
			buildRules = (
			);
			dependencies = (
				0746892F23AF365700704CE4 /* PBXTargetDependency */,
			);
			name = Tip3Tests;
			productName = Tip3Tests;
			productReference = 0746892D23AF365700704CE4 /* Tip3Tests.xctest */;
			productType = "com.apple.product-type.bundle.unit-test";
		};
		0746893723AF365700704CE4 /* Tip3UITests */ = {
			isa = PBXNativeTarget;
			buildConfigurationList = 0746894723AF365700704CE4 /* Build configuration list for PBXNativeTarget "Tip3UITests" */;
			buildPhases = (
				0746893423AF365700704CE4 /* Sources */,
				0746893523AF365700704CE4 /* Frameworks */,
				0746893623AF365700704CE4 /* Resources */,
			);
			buildRules = (
			);
			dependencies = (
				0746893A23AF365700704CE4 /* PBXTargetDependency */,
			);
			name = Tip3UITests;
			productName = Tip3UITests;
			productReference = 0746893823AF365700704CE4 /* Tip3UITests.xctest */;
			productType = "com.apple.product-type.bundle.ui-testing";
		};
/* End PBXNativeTarget section */

/* Begin PBXProject section */
		0746890F23AF365000704CE4 /* Project object */ = {
			isa = PBXProject;
			attributes = {
				LastSwiftUpdateCheck = 1110;
				LastUpgradeCheck = 1110;
				ORGANIZATIONNAME = "Aman Kumar";
				TargetAttributes = {
					0746891623AF365000704CE4 = {
						CreatedOnToolsVersion = 11.1;
					};
					0746892C23AF365700704CE4 = {
						CreatedOnToolsVersion = 11.1;
						TestTargetID = 0746891623AF365000704CE4;
					};
					0746893723AF365700704CE4 = {
						CreatedOnToolsVersion = 11.1;
						TestTargetID = 0746891623AF365000704CE4;
					};
				};
			};
			buildConfigurationList = 0746891223AF365000704CE4 /* Build configuration list for PBXProject "Tip3" */;
			compatibilityVersion = "Xcode 9.3";
			developmentRegion = en;
			hasScannedForEncodings = 0;
			knownRegions = (
				en,
				Base,
			);
			mainGroup = 0746890E23AF365000704CE4;
			productRefGroup = 0746891823AF365000704CE4 /* Products */;
			projectDirPath = "";
			projectRoot = "";
			targets = (
				0746891623AF365000704CE4 /* Tip3 */,
				0746892C23AF365700704CE4 /* Tip3Tests */,
				0746893723AF365700704CE4 /* Tip3UITests */,
			);
		};
/* End PBXProject section */

/* Begin PBXResourcesBuildPhase section */
		0746891523AF365000704CE4 /* Resources */ = {
			isa = PBXResourcesBuildPhase;
			buildActionMask = 2147483647;
			files = (
				0746892723AF365600704CE4 /* LaunchScreen.storyboard in Resources */,
				07FBD14D23B6055A00FF5CC3 /* Nunito-Bold.ttf in Resources */,
				07FBD14423B6055A00FF5CC3 /* Nunito-Italic.ttf in Resources */,
				07FBD14723B6055A00FF5CC3 /* Nunito-Light.ttf in Resources */,
				0746892423AF365600704CE4 /* Assets.xcassets in Resources */,
				0746892223AF365000704CE4 /* Main.storyboard in Resources */,
				07FBD14523B6055A00FF5CC3 /* Nunito-Regular.ttf in Resources */,
				07FBD14823B6055A00FF5CC3 /* Nunito-BoldItalic.ttf in Resources */,
				07FBD14223B6055A00FF5CC3 /* Nunito-ExtraLight.ttf in Resources */,
				07FBD14C23B6055A00FF5CC3 /* Nunito-SemiBoldItalic.ttf in Resources */,
				07FBD14B23B6055A00FF5CC3 /* Nunito-LightItalic.ttf in Resources */,
				07FBD14E23B6055A00FF5CC3 /* Nunito-ExtraBoldItalic.ttf in Resources */,
				07FBD14F23B6055A00FF5CC3 /* Nunito-BlackItalic.ttf in Resources */,
				07FBD14923B6055A00FF5CC3 /* Nunito-ExtraLightItalic.ttf in Resources */,
				07FBD14323B6055A00FF5CC3 /* Nunito-SemiBold.ttf in Resources */,
				07FBD14623B6055A00FF5CC3 /* Nunito-ExtraBold.ttf in Resources */,
				07FBD14A23B6055A00FF5CC3 /* Nunito-Black.ttf in Resources */,
			);
			runOnlyForDeploymentPostprocessing = 0;
		};
		0746892B23AF365700704CE4 /* Resources */ = {
			isa = PBXResourcesBuildPhase;
			buildActionMask = 2147483647;
			files = (
			);
			runOnlyForDeploymentPostprocessing = 0;
		};
		0746893623AF365700704CE4 /* Resources */ = {
			isa = PBXResourcesBuildPhase;
			buildActionMask = 2147483647;
			files = (
			);
			runOnlyForDeploymentPostprocessing = 0;
		};
/* End PBXResourcesBuildPhase section */

/* Begin PBXSourcesBuildPhase section */
		0746891323AF365000704CE4 /* Sources */ = {
			isa = PBXSourcesBuildPhase;
			buildActionMask = 2147483647;
			files = (
				0746891F23AF365000704CE4 /* ViewController.swift in Sources */,
				0746891B23AF365000704CE4 /* AppDelegate.swift in Sources */,
				0746891D23AF365000704CE4 /* SceneDelegate.swift in Sources */,
			);
			runOnlyForDeploymentPostprocessing = 0;
		};
		0746892923AF365700704CE4 /* Sources */ = {
			isa = PBXSourcesBuildPhase;
			buildActionMask = 2147483647;
			files = (
				0746893223AF365700704CE4 /* Tip3Tests.swift in Sources */,
			);
			runOnlyForDeploymentPostprocessing = 0;
		};
		0746893423AF365700704CE4 /* Sources */ = {
			isa = PBXSourcesBuildPhase;
			buildActionMask = 2147483647;
			files = (
				0746893D23AF365700704CE4 /* Tip3UITests.swift in Sources */,
			);
			runOnlyForDeploymentPostprocessing = 0;
		};
/* End PBXSourcesBuildPhase section */

/* Begin PBXTargetDependency section */
		0746892F23AF365700704CE4 /* PBXTargetDependency */ = {
			isa = PBXTargetDependency;
			target = 0746891623AF365000704CE4 /* Tip3 */;
			targetProxy = 0746892E23AF365700704CE4 /* PBXContainerItemProxy */;
		};
		0746893A23AF365700704CE4 /* PBXTargetDependency */ = {
			isa = PBXTargetDependency;
			target = 0746891623AF365000704CE4 /* Tip3 */;
			targetProxy = 0746893923AF365700704CE4 /* PBXContainerItemProxy */;
		};
/* End PBXTargetDependency section */

/* Begin PBXVariantGroup section */
		0746892023AF365000704CE4 /* Main.storyboard */ = {
			isa = PBXVariantGroup;
			children = (
				0746892123AF365000704CE4 /* Base */,
			);
			name = Main.storyboard;
			sourceTree = "<group>";
		};
		0746892523AF365600704CE4 /* LaunchScreen.storyboard */ = {
			isa = PBXVariantGroup;
			children = (
				0746892623AF365600704CE4 /* Base */,
			);
			name = LaunchScreen.storyboard;
			sourceTree = "<group>";
		};
/* End PBXVariantGroup section */

/* Begin XCBuildConfiguration section */
		0746893F23AF365700704CE4 /* Debug */ = {
			isa = XCBuildConfiguration;
			buildSettings = {
				ALWAYS_SEARCH_USER_PATHS = NO;
				CLANG_ANALYZER_NONNULL = YES;
				CLANG_ANALYZER_NUMBER_OBJECT_CONVERSION = YES_AGGRESSIVE;
				CLANG_CXX_LANGUAGE_STANDARD = "gnu++14";
				CLANG_CXX_LIBRARY = "libc++";
				CLANG_ENABLE_MODULES = YES;
				CLANG_ENABLE_OBJC_ARC = YES;
				CLANG_ENABLE_OBJC_WEAK = YES;
				CLANG_WARN_BLOCK_CAPTURE_AUTORELEASING = YES;
				CLANG_WARN_BOOL_CONVERSION = YES;
				CLANG_WARN_COMMA = YES;
				CLANG_WARN_CONSTANT_CONVERSION = YES;
				CLANG_WARN_DEPRECATED_OBJC_IMPLEMENTATIONS = YES;
				CLANG_WARN_DIRECT_OBJC_ISA_USAGE = YES_ERROR;
				CLANG_WARN_DOCUMENTATION_COMMENTS = YES;
				CLANG_WARN_EMPTY_BODY = YES;
				CLANG_WARN_ENUM_CONVERSION = YES;
				CLANG_WARN_INFINITE_RECURSION = YES;
				CLANG_WARN_INT_CONVERSION = YES;
				CLANG_WARN_NON_LITERAL_NULL_CONVERSION = YES;
				CLANG_WARN_OBJC_IMPLICIT_RETAIN_SELF = YES;
				CLANG_WARN_OBJC_LITERAL_CONVERSION = YES;
				CLANG_WARN_OBJC_ROOT_CLASS = YES_ERROR;
				CLANG_WARN_RANGE_LOOP_ANALYSIS = YES;
				CLANG_WARN_STRICT_PROTOTYPES = YES;
				CLANG_WARN_SUSPICIOUS_MOVE = YES;
				CLANG_WARN_UNGUARDED_AVAILABILITY = YES_AGGRESSIVE;
				CLANG_WARN_UNREACHABLE_CODE = YES;
				CLANG_WARN__DUPLICATE_METHOD_MATCH = YES;
				COPY_PHASE_STRIP = NO;
				DEBUG_INFORMATION_FORMAT = dwarf;
				ENABLE_STRICT_OBJC_MSGSEND = YES;
				ENABLE_TESTABILITY = YES;
				GCC_C_LANGUAGE_STANDARD = gnu11;
				GCC_DYNAMIC_NO_PIC = NO;
				GCC_NO_COMMON_BLOCKS = YES;
				GCC_OPTIMIZATION_LEVEL = 0;
				GCC_PREPROCESSOR_DEFINITIONS = (
					"DEBUG=1",
					"$(inherited)",
				);
				GCC_WARN_64_TO_32_BIT_CONVERSION = YES;
				GCC_WARN_ABOUT_RETURN_TYPE = YES_ERROR;
				GCC_WARN_UNDECLARED_SELECTOR = YES;
				GCC_WARN_UNINITIALIZED_AUTOS = YES_AGGRESSIVE;
				GCC_WARN_UNUSED_FUNCTION = YES;
				GCC_WARN_UNUSED_VARIABLE = YES;
				IPHONEOS_DEPLOYMENT_TARGET = 13.1;
				MTL_ENABLE_DEBUG_INFO = INCLUDE_SOURCE;
				MTL_FAST_MATH = YES;
				ONLY_ACTIVE_ARCH = YES;
				SDKROOT = iphoneos;
				SWIFT_ACTIVE_COMPILATION_CONDITIONS = DEBUG;
				SWIFT_OPTIMIZATION_LEVEL = "-Onone";
			};
			name = Debug;
		};
		0746894023AF365700704CE4 /* Release */ = {
			isa = XCBuildConfiguration;
			buildSettings = {
				ALWAYS_SEARCH_USER_PATHS = NO;
				CLANG_ANALYZER_NONNULL = YES;
				CLANG_ANALYZER_NUMBER_OBJECT_CONVERSION = YES_AGGRESSIVE;
				CLANG_CXX_LANGUAGE_STANDARD = "gnu++14";
				CLANG_CXX_LIBRARY = "libc++";
				CLANG_ENABLE_MODULES = YES;
				CLANG_ENABLE_OBJC_ARC = YES;
				CLANG_ENABLE_OBJC_WEAK = YES;
				CLANG_WARN_BLOCK_CAPTURE_AUTORELEASING = YES;
				CLANG_WARN_BOOL_CONVERSION = YES;
				CLANG_WARN_COMMA = YES;
				CLANG_WARN_CONSTANT_CONVERSION = YES;
				CLANG_WARN_DEPRECATED_OBJC_IMPLEMENTATIONS = YES;
				CLANG_WARN_DIRECT_OBJC_ISA_USAGE = YES_ERROR;
				CLANG_WARN_DOCUMENTATION_COMMENTS = YES;
				CLANG_WARN_EMPTY_BODY = YES;
				CLANG_WARN_ENUM_CONVERSION = YES;
				CLANG_WARN_INFINITE_RECURSION = YES;
				CLANG_WARN_INT_CONVERSION = YES;
				CLANG_WARN_NON_LITERAL_NULL_CONVERSION = YES;
				CLANG_WARN_OBJC_IMPLICIT_RETAIN_SELF = YES;
				CLANG_WARN_OBJC_LITERAL_CONVERSION = YES;
				CLANG_WARN_OBJC_ROOT_CLASS = YES_ERROR;
				CLANG_WARN_RANGE_LOOP_ANALYSIS = YES;
				CLANG_WARN_STRICT_PROTOTYPES = YES;
				CLANG_WARN_SUSPICIOUS_MOVE = YES;
				CLANG_WARN_UNGUARDED_AVAILABILITY = YES_AGGRESSIVE;
				CLANG_WARN_UNREACHABLE_CODE = YES;
				CLANG_WARN__DUPLICATE_METHOD_MATCH = YES;
				COPY_PHASE_STRIP = NO;
				DEBUG_INFORMATION_FORMAT = "dwarf-with-dsym";
				ENABLE_NS_ASSERTIONS = NO;
				ENABLE_STRICT_OBJC_MSGSEND = YES;
				GCC_C_LANGUAGE_STANDARD = gnu11;
				GCC_NO_COMMON_BLOCKS = YES;
				GCC_WARN_64_TO_32_BIT_CONVERSION = YES;
				GCC_WARN_ABOUT_RETURN_TYPE = YES_ERROR;
				GCC_WARN_UNDECLARED_SELECTOR = YES;
				GCC_WARN_UNINITIALIZED_AUTOS = YES_AGGRESSIVE;
				GCC_WARN_UNUSED_FUNCTION = YES;
				GCC_WARN_UNUSED_VARIABLE = YES;
				IPHONEOS_DEPLOYMENT_TARGET = 13.1;
				MTL_ENABLE_DEBUG_INFO = NO;
				MTL_FAST_MATH = YES;
				SDKROOT = iphoneos;
				SWIFT_COMPILATION_MODE = wholemodule;
				SWIFT_OPTIMIZATION_LEVEL = "-O";
				VALIDATE_PRODUCT = YES;
			};
			name = Release;
		};
		0746894223AF365700704CE4 /* Debug */ = {
			isa = XCBuildConfiguration;
			buildSettings = {
				ASSETCATALOG_COMPILER_APPICON_NAME = AppIcon;
				CODE_SIGN_STYLE = Automatic;
				INFOPLIST_FILE = Tip3/Info.plist;
				LD_RUNPATH_SEARCH_PATHS = (
					"$(inherited)",
					"@executable_path/Frameworks",
				);
				PRODUCT_BUNDLE_IDENTIFIER = CodePath.Tip3;
				PRODUCT_NAME = "$(TARGET_NAME)";
				SWIFT_VERSION = 5.0;
				TARGETED_DEVICE_FAMILY = "1,2";
			};
			name = Debug;
		};
		0746894323AF365700704CE4 /* Release */ = {
			isa = XCBuildConfiguration;
			buildSettings = {
				ASSETCATALOG_COMPILER_APPICON_NAME = AppIcon;
				CODE_SIGN_STYLE = Automatic;
				INFOPLIST_FILE = Tip3/Info.plist;
				LD_RUNPATH_SEARCH_PATHS = (
					"$(inherited)",
					"@executable_path/Frameworks",
				);
				PRODUCT_BUNDLE_IDENTIFIER = CodePath.Tip3;
				PRODUCT_NAME = "$(TARGET_NAME)";
				SWIFT_VERSION = 5.0;
				TARGETED_DEVICE_FAMILY = "1,2";
			};
			name = Release;
		};
		0746894523AF365700704CE4 /* Debug */ = {
			isa = XCBuildConfiguration;
			buildSettings = {
				ALWAYS_EMBED_SWIFT_STANDARD_LIBRARIES = YES;
				BUNDLE_LOADER = "$(TEST_HOST)";
				CODE_SIGN_STYLE = Automatic;
				INFOPLIST_FILE = Tip3Tests/Info.plist;
				IPHONEOS_DEPLOYMENT_TARGET = 13.1;
				LD_RUNPATH_SEARCH_PATHS = (
					"$(inherited)",
					"@executable_path/Frameworks",
					"@loader_path/Frameworks",
				);
				PRODUCT_BUNDLE_IDENTIFIER = CodePath.Tip3Tests;
				PRODUCT_NAME = "$(TARGET_NAME)";
				SWIFT_VERSION = 5.0;
				TARGETED_DEVICE_FAMILY = "1,2";
				TEST_HOST = "$(BUILT_PRODUCTS_DIR)/Tip3.app/Tip3";
			};
			name = Debug;
		};
		0746894623AF365700704CE4 /* Release */ = {
			isa = XCBuildConfiguration;
			buildSettings = {
				ALWAYS_EMBED_SWIFT_STANDARD_LIBRARIES = YES;
				BUNDLE_LOADER = "$(TEST_HOST)";
				CODE_SIGN_STYLE = Automatic;
				INFOPLIST_FILE = Tip3Tests/Info.plist;
				IPHONEOS_DEPLOYMENT_TARGET = 13.1;
				LD_RUNPATH_SEARCH_PATHS = (
					"$(inherited)",
					"@executable_path/Frameworks",
					"@loader_path/Frameworks",
				);
				PRODUCT_BUNDLE_IDENTIFIER = CodePath.Tip3Tests;
				PRODUCT_NAME = "$(TARGET_NAME)";
				SWIFT_VERSION = 5.0;
				TARGETED_DEVICE_FAMILY = "1,2";
				TEST_HOST = "$(BUILT_PRODUCTS_DIR)/Tip3.app/Tip3";
			};
			name = Release;
		};
		0746894823AF365700704CE4 /* Debug */ = {
			isa = XCBuildConfiguration;
			buildSettings = {
				ALWAYS_EMBED_SWIFT_STANDARD_LIBRARIES = YES;
				CODE_SIGN_STYLE = Automatic;
				INFOPLIST_FILE = Tip3UITests/Info.plist;
				LD_RUNPATH_SEARCH_PATHS = (
					"$(inherited)",
					"@executable_path/Frameworks",
					"@loader_path/Frameworks",
				);
				PRODUCT_BUNDLE_IDENTIFIER = CodePath.Tip3UITests;
				PRODUCT_NAME = "$(TARGET_NAME)";
				SWIFT_VERSION = 5.0;
				TARGETED_DEVICE_FAMILY = "1,2";
				TEST_TARGET_NAME = Tip3;
			};
			name = Debug;
		};
		0746894923AF365700704CE4 /* Release */ = {
			isa = XCBuildConfiguration;
			buildSettings = {
				ALWAYS_EMBED_SWIFT_STANDARD_LIBRARIES = YES;
				CODE_SIGN_STYLE = Automatic;
				INFOPLIST_FILE = Tip3UITests/Info.plist;
				LD_RUNPATH_SEARCH_PATHS = (
					"$(inherited)",
					"@executable_path/Frameworks",
					"@loader_path/Frameworks",
				);
				PRODUCT_BUNDLE_IDENTIFIER = CodePath.Tip3UITests;
				PRODUCT_NAME = "$(TARGET_NAME)";
				SWIFT_VERSION = 5.0;
				TARGETED_DEVICE_FAMILY = "1,2";
				TEST_TARGET_NAME = Tip3;
			};
			name = Release;
		};
/* End XCBuildConfiguration section */

/* Begin XCConfigurationList section */
		0746891223AF365000704CE4 /* Build configuration list for PBXProject "Tip3" */ = {
			isa = XCConfigurationList;
			buildConfigurations = (
				0746893F23AF365700704CE4 /* Debug */,
				0746894023AF365700704CE4 /* Release */,
			);
			defaultConfigurationIsVisible = 0;
			defaultConfigurationName = Release;
		};
		0746894123AF365700704CE4 /* Build configuration list for PBXNativeTarget "Tip3" */ = {
			isa = XCConfigurationList;
			buildConfigurations = (
				0746894223AF365700704CE4 /* Debug */,
				0746894323AF365700704CE4 /* Release */,
			);
			defaultConfigurationIsVisible = 0;
			defaultConfigurationName = Release;
		};
		0746894423AF365700704CE4 /* Build configuration list for PBXNativeTarget "Tip3Tests" */ = {
			isa = XCConfigurationList;
			buildConfigurations = (
				0746894523AF365700704CE4 /* Debug */,
				0746894623AF365700704CE4 /* Release */,
			);
			defaultConfigurationIsVisible = 0;
			defaultConfigurationName = Release;
		};
		0746894723AF365700704CE4 /* Build configuration list for PBXNativeTarget "Tip3UITests" */ = {
			isa = XCConfigurationList;
			buildConfigurations = (
				0746894823AF365700704CE4 /* Debug */,
				0746894923AF365700704CE4 /* Release */,
			);
			defaultConfigurationIsVisible = 0;
			defaultConfigurationName = Release;
		};
/* End XCConfigurationList section */
	};
	rootObject = 0746890F23AF365000704CE4 /* Project object */;
}
